
Microsoft Visual Studio Solution File, Format Version 12.00
# Visual Studio Version 16
VisualStudioVersion = 16.0.30907.101
MinimumVisualStudioVersion = 10.0.40219.1
Project("{FAE04EC0-301F-11D3-BF4B-00C04F79EFBC}") = "Reverse_Array", "Reverse_Array.csproj", "{584F98C1-02F2-418E-9A52-274043CFD131}"
EndProject
Global
	GlobalSection(SolutionConfigurationPlatforms) = preSolution
		Debug|Any CPU = Debug|Any CPU
		Release|Any CPU = Release|Any CPU
	EndGlobalSection
	GlobalSection(ProjectConfigurationPlatforms) = postSolution
		{584F98C1-02F2-418E-9A52-274043CFD131}.Debug|Any CPU.ActiveCfg = Debug|Any CPU
		{584F98C1-02F2-418E-9A52-274043CFD131}.Debug|Any CPU.Build.0 = Debug|Any CPU
		{584F98C1-02F2-418E-9A52-274043CFD131}.Release|Any CPU.ActiveCfg = Release|Any CPU
		{584F98C1-02F2-418E-9A52-274043CFD131}.Release|Any CPU.Build.0 = Release|Any CPU
	EndGlobalSection
	GlobalSection(SolutionProperties) = preSolution
		HideSolutionNode = FALSE
	EndGlobalSection
	GlobalSection(ExtensibilityGlobals) = postSolution
		SolutionGuid = {314D97CB-25EF-4BEB-B1A7-7C3351A93644}
	EndGlobalSection
EndGlobal
