
Microsoft Visual Studio Solution File, Format Version 12.00
# Visual Studio Version 16
VisualStudioVersion = 16.0.30907.101
MinimumVisualStudioVersion = 10.0.40219.1
Project("{FAE04EC0-301F-11D3-BF4B-00C04F79EFBC}") = "2D_Array_DS", "2D_Array_DS.csproj", "{619FB8CC-CA11-43ED-A675-11D9B527A8B3}"
EndProject
Global
	GlobalSection(SolutionConfigurationPlatforms) = preSolution
		Debug|Any CPU = Debug|Any CPU
		Release|Any CPU = Release|Any CPU
	EndGlobalSection
	GlobalSection(ProjectConfigurationPlatforms) = postSolution
		{619FB8CC-CA11-43ED-A675-11D9B527A8B3}.Debug|Any CPU.ActiveCfg = Debug|Any CPU
		{619FB8CC-CA11-43ED-A675-11D9B527A8B3}.Debug|Any CPU.Build.0 = Debug|Any CPU
		{619FB8CC-CA11-43ED-A675-11D9B527A8B3}.Release|Any CPU.ActiveCfg = Release|Any CPU
		{619FB8CC-CA11-43ED-A675-11D9B527A8B3}.Release|Any CPU.Build.0 = Release|Any CPU
	EndGlobalSection
	GlobalSection(SolutionProperties) = preSolution
		HideSolutionNode = FALSE
	EndGlobalSection
	GlobalSection(ExtensibilityGlobals) = postSolution
		SolutionGuid = {E978C50E-F42C-4DDC-8B32-4FE12DFD6BB6}
	EndGlobalSection
EndGlobal
