
Microsoft Visual Studio Solution File, Format Version 12.00
# Visual Studio Version 16
VisualStudioVersion = 16.0.30907.101
MinimumVisualStudioVersion = 10.0.40219.1
Project("{FAE04EC0-301F-11D3-BF4B-00C04F79EFBC}") = "Left_Rotation", "Left_Rotation.csproj", "{D412DE73-0505-46BE-9203-0588AF4BD49C}"
EndProject
Global
	GlobalSection(SolutionConfigurationPlatforms) = preSolution
		Debug|Any CPU = Debug|Any CPU
		Release|Any CPU = Release|Any CPU
	EndGlobalSection
	GlobalSection(ProjectConfigurationPlatforms) = postSolution
		{D412DE73-0505-46BE-9203-0588AF4BD49C}.Debug|Any CPU.ActiveCfg = Debug|Any CPU
		{D412DE73-0505-46BE-9203-0588AF4BD49C}.Debug|Any CPU.Build.0 = Debug|Any CPU
		{D412DE73-0505-46BE-9203-0588AF4BD49C}.Release|Any CPU.ActiveCfg = Release|Any CPU
		{D412DE73-0505-46BE-9203-0588AF4BD49C}.Release|Any CPU.Build.0 = Release|Any CPU
	EndGlobalSection
	GlobalSection(SolutionProperties) = preSolution
		HideSolutionNode = FALSE
	EndGlobalSection
	GlobalSection(ExtensibilityGlobals) = postSolution
		SolutionGuid = {21FF07AC-FC6A-4DAA-9DB5-3CDD58846552}
	EndGlobalSection
EndGlobal
